// !$*UTF8*$!
{
	archiveVersion = 1;
	classes = {
	};
	objectVersion = 46;
	objects = {

/* Begin PBXBuildFile section */
		225A71DA18FCDA5A0040EBC3 /* CommentsTableView.m in Sources */ = {isa = PBXBuildFile; fileRef = 225A71D618FCDA5A0040EBC3 /* CommentsTableView.m */; };
		225A71DB18FCDA5A0040EBC3 /* DetailTabBar.m in Sources */ = {isa = PBXBuildFile; fileRef = 225A71D818FCDA5A0040EBC3 /* DetailTabBar.m */; };
		22E9A4CF18FF647600D31322 /* CommentDetail.m in Sources */ = {isa = PBXBuildFile; fileRef = 22E9A4CE18FF647600D31322 /* CommentDetail.m */; };
		22E9A4D118FF6E7E00D31322 /* pencil.png in Resources */ = {isa = PBXBuildFile; fileRef = 22E9A4D018FF6E7E00D31322 /* pencil.png */; };
		22E9A4D318FF6ED200D31322 /* message.png in Resources */ = {isa = PBXBuildFile; fileRef = 22E9A4D218FF6ED200D31322 /* message.png */; };
		22E9A4D518FF6EEE00D31322 /* text-left.png in Resources */ = {isa = PBXBuildFile; fileRef = 22E9A4D418FF6EEE00D31322 /* text-left.png */; };
		22ED3D7F18FDD60A00A5EA1A /* starOn.png in Resources */ = {isa = PBXBuildFile; fileRef = 22ED3D7D18FDD60A00A5EA1A /* starOn.png */; };
		22ED3D8018FDD60B00A5EA1A /* starOff.png in Resources */ = {isa = PBXBuildFile; fileRef = 22ED3D7E18FDD60A00A5EA1A /* starOff.png */; };
		22ED3D8418FDE58700A5EA1A /* SubmitReview.m in Sources */ = {isa = PBXBuildFile; fileRef = 22ED3D8318FDE58700A5EA1A /* SubmitReview.m */; };
		22ED3D8618FDF1C400A5EA1A /* brookings.jpg in Resources */ = {isa = PBXBuildFile; fileRef = 22ED3D8518FDF1C400A5EA1A /* brookings.jpg */; };
		C92F6D4618F3CD88005721ED /* MapViewController.m in Sources */ = {isa = PBXBuildFile; fileRef = C956BE4518F3C722008D9505 /* MapViewController.m */; };
		C956BE3E18F36BE9008D9505 /* MapKit.framework in Frameworks */ = {isa = PBXBuildFile; fileRef = C956BE3D18F36BE9008D9505 /* MapKit.framework */; };
		C956BE4218F3BAF4008D9505 /* TempViewController.m in Sources */ = {isa = PBXBuildFile; fileRef = C956BE4118F3BAF4008D9505 /* TempViewController.m */; };
		C972653F18FCAB21008FBF6F /* GoogleMaps.framework in Frameworks */ = {isa = PBXBuildFile; fileRef = C972653E18FCAB21008FBF6F /* GoogleMaps.framework */; };
		C972654118FCAC77008FBF6F /* AVFoundation.framework in Frameworks */ = {isa = PBXBuildFile; fileRef = C972654018FCAC77008FBF6F /* AVFoundation.framework */; };
		C972654318FCAC89008FBF6F /* CoreData.framework in Frameworks */ = {isa = PBXBuildFile; fileRef = C972654218FCAC89008FBF6F /* CoreData.framework */; };
		C972654518FCAC9C008FBF6F /* CoreText.framework in Frameworks */ = {isa = PBXBuildFile; fileRef = C972654418FCAC9C008FBF6F /* CoreText.framework */; };
		C972654718FCACA3008FBF6F /* GLKit.framework in Frameworks */ = {isa = PBXBuildFile; fileRef = C972654618FCACA3008FBF6F /* GLKit.framework */; };
		C972654918FCACAA008FBF6F /* ImageIO.framework in Frameworks */ = {isa = PBXBuildFile; fileRef = C972654818FCACAA008FBF6F /* ImageIO.framework */; };
		C972654B18FCACB7008FBF6F /* libc++.dylib in Frameworks */ = {isa = PBXBuildFile; fileRef = C972654A18FCACB7008FBF6F /* libc++.dylib */; };
		C972654D18FCACBE008FBF6F /* libicucore.dylib in Frameworks */ = {isa = PBXBuildFile; fileRef = C972654C18FCACBE008FBF6F /* libicucore.dylib */; };
		C972654F18FCACC9008FBF6F /* OpenGLES.framework in Frameworks */ = {isa = PBXBuildFile; fileRef = C972654E18FCACC9008FBF6F /* OpenGLES.framework */; };
		C972655418FCB19F008FBF6F /* GoogleMaps.bundle in Resources */ = {isa = PBXBuildFile; fileRef = C972655318FCB19F008FBF6F /* GoogleMaps.bundle */; };
		C972655918FCB2DB008FBF6F /* Parse.framework in Frameworks */ = {isa = PBXBuildFile; fileRef = C972655818FCB2DB008FBF6F /* Parse.framework */; };
		C972655B18FCB365008FBF6F /* FacebookSDK.framework in Frameworks */ = {isa = PBXBuildFile; fileRef = C972655A18FCB365008FBF6F /* FacebookSDK.framework */; };
		C972655D18FCB56E008FBF6F /* Social.framework in Frameworks */ = {isa = PBXBuildFile; fileRef = C972655C18FCB56E008FBF6F /* Social.framework */; };
		C98B465018F3524200558EBC /* Foundation.framework in Frameworks */ = {isa = PBXBuildFile; fileRef = C98B464F18F3524200558EBC /* Foundation.framework */; };
		C98B465218F3524200558EBC /* CoreGraphics.framework in Frameworks */ = {isa = PBXBuildFile; fileRef = C98B465118F3524200558EBC /* CoreGraphics.framework */; };
		C98B465418F3524200558EBC /* UIKit.framework in Frameworks */ = {isa = PBXBuildFile; fileRef = C98B465318F3524200558EBC /* UIKit.framework */; };
		C98B465A18F3524200558EBC /* InfoPlist.strings in Resources */ = {isa = PBXBuildFile; fileRef = C98B465818F3524200558EBC /* InfoPlist.strings */; };
		C98B465C18F3524200558EBC /* main.m in Sources */ = {isa = PBXBuildFile; fileRef = C98B465B18F3524200558EBC /* main.m */; };
		C98B466018F3524200558EBC /* AppDelegate.m in Sources */ = {isa = PBXBuildFile; fileRef = C98B465F18F3524200558EBC /* AppDelegate.m */; };
		C98B466318F3524200558EBC /* Main.storyboard in Resources */ = {isa = PBXBuildFile; fileRef = C98B466118F3524200558EBC /* Main.storyboard */; };
		C98B466618F3524200558EBC /* ViewController.m in Sources */ = {isa = PBXBuildFile; fileRef = C98B466518F3524200558EBC /* ViewController.m */; };
		C98B466818F3524200558EBC /* Images.xcassets in Resources */ = {isa = PBXBuildFile; fileRef = C98B466718F3524200558EBC /* Images.xcassets */; };
		C98B466F18F3524200558EBC /* XCTest.framework in Frameworks */ = {isa = PBXBuildFile; fileRef = C98B466E18F3524200558EBC /* XCTest.framework */; };
		C98B467018F3524200558EBC /* Foundation.framework in Frameworks */ = {isa = PBXBuildFile; fileRef = C98B464F18F3524200558EBC /* Foundation.framework */; };
		C98B467118F3524200558EBC /* UIKit.framework in Frameworks */ = {isa = PBXBuildFile; fileRef = C98B465318F3524200558EBC /* UIKit.framework */; };
		C98B467918F3524200558EBC /* InfoPlist.strings in Resources */ = {isa = PBXBuildFile; fileRef = C98B467718F3524200558EBC /* InfoPlist.strings */; };
		C98B467B18F3524200558EBC /* RateItWashUTests.m in Sources */ = {isa = PBXBuildFile; fileRef = C98B467A18F3524200558EBC /* RateItWashUTests.m */; };
		C98B468718F352CF00558EBC /* AudioToolbox.framework in Frameworks */ = {isa = PBXBuildFile; fileRef = C98B468618F352CF00558EBC /* AudioToolbox.framework */; };
		C98B468918F352DA00558EBC /* CFNetwork.framework in Frameworks */ = {isa = PBXBuildFile; fileRef = C98B468818F352DA00558EBC /* CFNetwork.framework */; };
		C98B468B18F352E400558EBC /* CoreLocation.framework in Frameworks */ = {isa = PBXBuildFile; fileRef = C98B468A18F352E400558EBC /* CoreLocation.framework */; };
		C98B468D18F352EB00558EBC /* libz.dylib in Frameworks */ = {isa = PBXBuildFile; fileRef = C98B468C18F352EB00558EBC /* libz.dylib */; };
		C98B468F18F352F200558EBC /* MobileCoreServices.framework in Frameworks */ = {isa = PBXBuildFile; fileRef = C98B468E18F352F200558EBC /* MobileCoreServices.framework */; };
		C98B469118F352F900558EBC /* QuartzCore.framework in Frameworks */ = {isa = PBXBuildFile; fileRef = C98B469018F352F900558EBC /* QuartzCore.framework */; };
		C98B469318F3530300558EBC /* Security.framework in Frameworks */ = {isa = PBXBuildFile; fileRef = C98B469218F3530300558EBC /* Security.framework */; };
		C98B469518F3530A00558EBC /* StoreKit.framework in Frameworks */ = {isa = PBXBuildFile; fileRef = C98B469418F3530A00558EBC /* StoreKit.framework */; };
		C98B469718F3531500558EBC /* SystemConfiguration.framework in Frameworks */ = {isa = PBXBuildFile; fileRef = C98B469618F3531500558EBC /* SystemConfiguration.framework */; };
		C98B469B18F3578F00558EBC /* CategoriesViewController.m in Sources */ = {isa = PBXBuildFile; fileRef = C98B469918F3578F00558EBC /* CategoriesViewController.m */; };
		C98B46A018F35C4E00558EBC /* RegistrationViewController.m in Sources */ = {isa = PBXBuildFile; fileRef = C98B469E18F35C4E00558EBC /* RegistrationViewController.m */; };
		C991632A18FF8C170002E147 /* InfoWindow.m in Sources */ = {isa = PBXBuildFile; fileRef = C991632818FF8C170002E147 /* InfoWindow.m */; };
		C991632B18FF8C170002E147 /* InfoWindow.xib in Resources */ = {isa = PBXBuildFile; fileRef = C991632918FF8C170002E147 /* InfoWindow.xib */; };
		C991632E18FF8C240002E147 /* ParseMarker.m in Sources */ = {isa = PBXBuildFile; fileRef = C991632D18FF8C240002E147 /* ParseMarker.m */; };
		C9A95FE318F45E9C00832180 /* DetailViewController.m in Sources */ = {isa = PBXBuildFile; fileRef = C9A95FE218F45E9C00832180 /* DetailViewController.m */; };
		C9A95FE618F4630E00832180 /* blue-cog-hi.png in Resources */ = {isa = PBXBuildFile; fileRef = C9A95FE518F4630E00832180 /* blue-cog-hi.png */; };
		C9F7CE1118FF751600724FDC /* CustomTabBarController.m in Sources */ = {isa = PBXBuildFile; fileRef = C9F7CE1018FF751600724FDC /* CustomTabBarController.m */; };
/* End PBXBuildFile section */

/* Begin PBXContainerItemProxy section */
		C98B467218F3524200558EBC /* PBXContainerItemProxy */ = {
			isa = PBXContainerItemProxy;
			containerPortal = C98B464418F3524200558EBC /* Project object */;
			proxyType = 1;
			remoteGlobalIDString = C98B464B18F3524200558EBC;
			remoteInfo = RateItWashU;
		};
/* End PBXContainerItemProxy section */

/* Begin PBXFileReference section */
		225A71D518FCDA5A0040EBC3 /* CommentsTableView.h */ = {isa = PBXFileReference; fileEncoding = 4; lastKnownFileType = sourcecode.c.h; path = CommentsTableView.h; sourceTree = "<group>"; };
		225A71D618FCDA5A0040EBC3 /* CommentsTableView.m */ = {isa = PBXFileReference; fileEncoding = 4; lastKnownFileType = sourcecode.c.objc; path = CommentsTableView.m; sourceTree = "<group>"; };
		225A71D718FCDA5A0040EBC3 /* DetailTabBar.h */ = {isa = PBXFileReference; fileEncoding = 4; lastKnownFileType = sourcecode.c.h; path = DetailTabBar.h; sourceTree = "<group>"; };
		225A71D818FCDA5A0040EBC3 /* DetailTabBar.m */ = {isa = PBXFileReference; fileEncoding = 4; lastKnownFileType = sourcecode.c.objc; path = DetailTabBar.m; sourceTree = "<group>"; };
		22E9A4CD18FF647600D31322 /* CommentDetail.h */ = {isa = PBXFileReference; fileEncoding = 4; lastKnownFileType = sourcecode.c.h; path = CommentDetail.h; sourceTree = "<group>"; };
		22E9A4CE18FF647600D31322 /* CommentDetail.m */ = {isa = PBXFileReference; fileEncoding = 4; lastKnownFileType = sourcecode.c.objc; path = CommentDetail.m; sourceTree = "<group>"; };
		22E9A4D018FF6E7E00D31322 /* pencil.png */ = {isa = PBXFileReference; lastKnownFileType = image.png; path = pencil.png; sourceTree = "<group>"; };
		22E9A4D218FF6ED200D31322 /* message.png */ = {isa = PBXFileReference; lastKnownFileType = image.png; path = message.png; sourceTree = "<group>"; };
		22E9A4D418FF6EEE00D31322 /* text-left.png */ = {isa = PBXFileReference; lastKnownFileType = image.png; path = "text-left.png"; sourceTree = "<group>"; };
		22ED3D7D18FDD60A00A5EA1A /* starOn.png */ = {isa = PBXFileReference; lastKnownFileType = image.png; path = starOn.png; sourceTree = "<group>"; };
		22ED3D7E18FDD60A00A5EA1A /* starOff.png */ = {isa = PBXFileReference; lastKnownFileType = image.png; path = starOff.png; sourceTree = "<group>"; };
		22ED3D8218FDE58700A5EA1A /* SubmitReview.h */ = {isa = PBXFileReference; fileEncoding = 4; lastKnownFileType = sourcecode.c.h; path = SubmitReview.h; sourceTree = "<group>"; };
		22ED3D8318FDE58700A5EA1A /* SubmitReview.m */ = {isa = PBXFileReference; fileEncoding = 4; lastKnownFileType = sourcecode.c.objc; path = SubmitReview.m; sourceTree = "<group>"; };
		22ED3D8518FDF1C400A5EA1A /* brookings.jpg */ = {isa = PBXFileReference; lastKnownFileType = image.jpeg; path = brookings.jpg; sourceTree = "<group>"; };
		C956BE3D18F36BE9008D9505 /* MapKit.framework */ = {isa = PBXFileReference; lastKnownFileType = wrapper.framework; name = MapKit.framework; path = System/Library/Frameworks/MapKit.framework; sourceTree = SDKROOT; };
		C956BE4018F3BAF4008D9505 /* TempViewController.h */ = {isa = PBXFileReference; fileEncoding = 4; lastKnownFileType = sourcecode.c.h; path = TempViewController.h; sourceTree = "<group>"; };
		C956BE4118F3BAF4008D9505 /* TempViewController.m */ = {isa = PBXFileReference; fileEncoding = 4; lastKnownFileType = sourcecode.c.objc; path = TempViewController.m; sourceTree = "<group>"; };
		C956BE4418F3C722008D9505 /* MapViewController.h */ = {isa = PBXFileReference; fileEncoding = 4; lastKnownFileType = sourcecode.c.h; path = MapViewController.h; sourceTree = "<group>"; };
		C956BE4518F3C722008D9505 /* MapViewController.m */ = {isa = PBXFileReference; fileEncoding = 4; lastKnownFileType = sourcecode.c.objc; path = MapViewController.m; sourceTree = "<group>"; };
		C972653E18FCAB21008FBF6F /* GoogleMaps.framework */ = {isa = PBXFileReference; lastKnownFileType = wrapper.framework; path = GoogleMaps.framework; sourceTree = "<group>"; };
		C972654018FCAC77008FBF6F /* AVFoundation.framework */ = {isa = PBXFileReference; lastKnownFileType = wrapper.framework; name = AVFoundation.framework; path = System/Library/Frameworks/AVFoundation.framework; sourceTree = SDKROOT; };
		C972654218FCAC89008FBF6F /* CoreData.framework */ = {isa = PBXFileReference; lastKnownFileType = wrapper.framework; name = CoreData.framework; path = System/Library/Frameworks/CoreData.framework; sourceTree = SDKROOT; };
		C972654418FCAC9C008FBF6F /* CoreText.framework */ = {isa = PBXFileReference; lastKnownFileType = wrapper.framework; name = CoreText.framework; path = System/Library/Frameworks/CoreText.framework; sourceTree = SDKROOT; };
		C972654618FCACA3008FBF6F /* GLKit.framework */ = {isa = PBXFileReference; lastKnownFileType = wrapper.framework; name = GLKit.framework; path = System/Library/Frameworks/GLKit.framework; sourceTree = SDKROOT; };
		C972654818FCACAA008FBF6F /* ImageIO.framework */ = {isa = PBXFileReference; lastKnownFileType = wrapper.framework; name = ImageIO.framework; path = System/Library/Frameworks/ImageIO.framework; sourceTree = SDKROOT; };
		C972654A18FCACB7008FBF6F /* libc++.dylib */ = {isa = PBXFileReference; lastKnownFileType = "compiled.mach-o.dylib"; name = "libc++.dylib"; path = "usr/lib/libc++.dylib"; sourceTree = SDKROOT; };
		C972654C18FCACBE008FBF6F /* libicucore.dylib */ = {isa = PBXFileReference; lastKnownFileType = "compiled.mach-o.dylib"; name = libicucore.dylib; path = usr/lib/libicucore.dylib; sourceTree = SDKROOT; };
		C972654E18FCACC9008FBF6F /* OpenGLES.framework */ = {isa = PBXFileReference; lastKnownFileType = wrapper.framework; name = OpenGLES.framework; path = System/Library/Frameworks/OpenGLES.framework; sourceTree = SDKROOT; };
		C972655318FCB19F008FBF6F /* GoogleMaps.bundle */ = {isa = PBXFileReference; lastKnownFileType = "wrapper.plug-in"; path = GoogleMaps.bundle; sourceTree = "<group>"; };
		C972655818FCB2DB008FBF6F /* Parse.framework */ = {isa = PBXFileReference; lastKnownFileType = wrapper.framework; path = Parse.framework; sourceTree = "<group>"; };
		C972655A18FCB365008FBF6F /* FacebookSDK.framework */ = {isa = PBXFileReference; lastKnownFileType = wrapper.framework; path = FacebookSDK.framework; sourceTree = "<group>"; };
		C972655C18FCB56E008FBF6F /* Social.framework */ = {isa = PBXFileReference; lastKnownFileType = wrapper.framework; name = Social.framework; path = System/Library/Frameworks/Social.framework; sourceTree = SDKROOT; };
		C98B464C18F3524200558EBC /* RateItWashU.app */ = {isa = PBXFileReference; explicitFileType = wrapper.application; includeInIndex = 0; path = RateItWashU.app; sourceTree = BUILT_PRODUCTS_DIR; };
		C98B464F18F3524200558EBC /* Foundation.framework */ = {isa = PBXFileReference; lastKnownFileType = wrapper.framework; name = Foundation.framework; path = System/Library/Frameworks/Foundation.framework; sourceTree = SDKROOT; };
		C98B465118F3524200558EBC /* CoreGraphics.framework */ = {isa = PBXFileReference; lastKnownFileType = wrapper.framework; name = CoreGraphics.framework; path = System/Library/Frameworks/CoreGraphics.framework; sourceTree = SDKROOT; };
		C98B465318F3524200558EBC /* UIKit.framework */ = {isa = PBXFileReference; lastKnownFileType = wrapper.framework; name = UIKit.framework; path = System/Library/Frameworks/UIKit.framework; sourceTree = SDKROOT; };
		C98B465718F3524200558EBC /* RateItWashU-Info.plist */ = {isa = PBXFileReference; lastKnownFileType = text.plist.xml; path = "RateItWashU-Info.plist"; sourceTree = "<group>"; };
		C98B465918F3524200558EBC /* en */ = {isa = PBXFileReference; lastKnownFileType = text.plist.strings; name = en; path = en.lproj/InfoPlist.strings; sourceTree = "<group>"; };
		C98B465B18F3524200558EBC /* main.m */ = {isa = PBXFileReference; lastKnownFileType = sourcecode.c.objc; path = main.m; sourceTree = "<group>"; };
		C98B465D18F3524200558EBC /* RateItWashU-Prefix.pch */ = {isa = PBXFileReference; lastKnownFileType = sourcecode.c.h; path = "RateItWashU-Prefix.pch"; sourceTree = "<group>"; };
		C98B465E18F3524200558EBC /* AppDelegate.h */ = {isa = PBXFileReference; lastKnownFileType = sourcecode.c.h; path = AppDelegate.h; sourceTree = "<group>"; };
		C98B465F18F3524200558EBC /* AppDelegate.m */ = {isa = PBXFileReference; lastKnownFileType = sourcecode.c.objc; path = AppDelegate.m; sourceTree = "<group>"; };
		C98B466218F3524200558EBC /* Base */ = {isa = PBXFileReference; lastKnownFileType = file.storyboard; name = Base; path = Base.lproj/Main.storyboard; sourceTree = "<group>"; };
		C98B466418F3524200558EBC /* ViewController.h */ = {isa = PBXFileReference; lastKnownFileType = sourcecode.c.h; path = ViewController.h; sourceTree = "<group>"; };
		C98B466518F3524200558EBC /* ViewController.m */ = {isa = PBXFileReference; lastKnownFileType = sourcecode.c.objc; path = ViewController.m; sourceTree = "<group>"; };
		C98B466718F3524200558EBC /* Images.xcassets */ = {isa = PBXFileReference; lastKnownFileType = folder.assetcatalog; path = Images.xcassets; sourceTree = "<group>"; };
		C98B466D18F3524200558EBC /* RateItWashUTests.xctest */ = {isa = PBXFileReference; explicitFileType = wrapper.cfbundle; includeInIndex = 0; path = RateItWashUTests.xctest; sourceTree = BUILT_PRODUCTS_DIR; };
		C98B466E18F3524200558EBC /* XCTest.framework */ = {isa = PBXFileReference; lastKnownFileType = wrapper.framework; name = XCTest.framework; path = Library/Frameworks/XCTest.framework; sourceTree = DEVELOPER_DIR; };
		C98B467618F3524200558EBC /* RateItWashUTests-Info.plist */ = {isa = PBXFileReference; lastKnownFileType = text.plist.xml; path = "RateItWashUTests-Info.plist"; sourceTree = "<group>"; };
		C98B467818F3524200558EBC /* en */ = {isa = PBXFileReference; lastKnownFileType = text.plist.strings; name = en; path = en.lproj/InfoPlist.strings; sourceTree = "<group>"; };
		C98B467A18F3524200558EBC /* RateItWashUTests.m */ = {isa = PBXFileReference; lastKnownFileType = sourcecode.c.objc; path = RateItWashUTests.m; sourceTree = "<group>"; };
		C98B468618F352CF00558EBC /* AudioToolbox.framework */ = {isa = PBXFileReference; lastKnownFileType = wrapper.framework; name = AudioToolbox.framework; path = System/Library/Frameworks/AudioToolbox.framework; sourceTree = SDKROOT; };
		C98B468818F352DA00558EBC /* CFNetwork.framework */ = {isa = PBXFileReference; lastKnownFileType = wrapper.framework; name = CFNetwork.framework; path = System/Library/Frameworks/CFNetwork.framework; sourceTree = SDKROOT; };
		C98B468A18F352E400558EBC /* CoreLocation.framework */ = {isa = PBXFileReference; lastKnownFileType = wrapper.framework; name = CoreLocation.framework; path = System/Library/Frameworks/CoreLocation.framework; sourceTree = SDKROOT; };
		C98B468C18F352EB00558EBC /* libz.dylib */ = {isa = PBXFileReference; lastKnownFileType = "compiled.mach-o.dylib"; name = libz.dylib; path = usr/lib/libz.dylib; sourceTree = SDKROOT; };
		C98B468E18F352F200558EBC /* MobileCoreServices.framework */ = {isa = PBXFileReference; lastKnownFileType = wrapper.framework; name = MobileCoreServices.framework; path = System/Library/Frameworks/MobileCoreServices.framework; sourceTree = SDKROOT; };
		C98B469018F352F900558EBC /* QuartzCore.framework */ = {isa = PBXFileReference; lastKnownFileType = wrapper.framework; name = QuartzCore.framework; path = System/Library/Frameworks/QuartzCore.framework; sourceTree = SDKROOT; };
		C98B469218F3530300558EBC /* Security.framework */ = {isa = PBXFileReference; lastKnownFileType = wrapper.framework; name = Security.framework; path = System/Library/Frameworks/Security.framework; sourceTree = SDKROOT; };
		C98B469418F3530A00558EBC /* StoreKit.framework */ = {isa = PBXFileReference; lastKnownFileType = wrapper.framework; name = StoreKit.framework; path = System/Library/Frameworks/StoreKit.framework; sourceTree = SDKROOT; };
		C98B469618F3531500558EBC /* SystemConfiguration.framework */ = {isa = PBXFileReference; lastKnownFileType = wrapper.framework; name = SystemConfiguration.framework; path = System/Library/Frameworks/SystemConfiguration.framework; sourceTree = SDKROOT; };
		C98B469818F3578F00558EBC /* CategoriesViewController.h */ = {isa = PBXFileReference; fileEncoding = 4; lastKnownFileType = sourcecode.c.h; path = CategoriesViewController.h; sourceTree = "<group>"; };
		C98B469918F3578F00558EBC /* CategoriesViewController.m */ = {isa = PBXFileReference; fileEncoding = 4; lastKnownFileType = sourcecode.c.objc; path = CategoriesViewController.m; sourceTree = "<group>"; };
		C98B469D18F35C4E00558EBC /* RegistrationViewController.h */ = {isa = PBXFileReference; fileEncoding = 4; lastKnownFileType = sourcecode.c.h; path = RegistrationViewController.h; sourceTree = "<group>"; };
		C98B469E18F35C4E00558EBC /* RegistrationViewController.m */ = {isa = PBXFileReference; fileEncoding = 4; lastKnownFileType = sourcecode.c.objc; path = RegistrationViewController.m; sourceTree = "<group>"; };
		C991632718FF8C170002E147 /* InfoWindow.h */ = {isa = PBXFileReference; fileEncoding = 4; lastKnownFileType = sourcecode.c.h; path = InfoWindow.h; sourceTree = "<group>"; };
		C991632818FF8C170002E147 /* InfoWindow.m */ = {isa = PBXFileReference; fileEncoding = 4; lastKnownFileType = sourcecode.c.objc; path = InfoWindow.m; sourceTree = "<group>"; };
		C991632918FF8C170002E147 /* InfoWindow.xib */ = {isa = PBXFileReference; fileEncoding = 4; lastKnownFileType = file.xib; path = InfoWindow.xib; sourceTree = "<group>"; };
		C991632C18FF8C240002E147 /* ParseMarker.h */ = {isa = PBXFileReference; fileEncoding = 4; lastKnownFileType = sourcecode.c.h; path = ParseMarker.h; sourceTree = "<group>"; };
		C991632D18FF8C240002E147 /* ParseMarker.m */ = {isa = PBXFileReference; fileEncoding = 4; lastKnownFileType = sourcecode.c.objc; path = ParseMarker.m; sourceTree = "<group>"; };
		C9A95FE118F45E9C00832180 /* DetailViewController.h */ = {isa = PBXFileReference; fileEncoding = 4; lastKnownFileType = sourcecode.c.h; path = DetailViewController.h; sourceTree = "<group>"; };
		C9A95FE218F45E9C00832180 /* DetailViewController.m */ = {isa = PBXFileReference; fileEncoding = 4; lastKnownFileType = sourcecode.c.objc; path = DetailViewController.m; sourceTree = "<group>"; };
		C9A95FE518F4630E00832180 /* blue-cog-hi.png */ = {isa = PBXFileReference; lastKnownFileType = image.png; path = "blue-cog-hi.png"; sourceTree = "<group>"; };
		C9F7CE0F18FF751600724FDC /* CustomTabBarController.h */ = {isa = PBXFileReference; fileEncoding = 4; lastKnownFileType = sourcecode.c.h; path = CustomTabBarController.h; sourceTree = "<group>"; };
		C9F7CE1018FF751600724FDC /* CustomTabBarController.m */ = {isa = PBXFileReference; fileEncoding = 4; lastKnownFileType = sourcecode.c.objc; path = CustomTabBarController.m; sourceTree = "<group>"; };
/* End PBXFileReference section */

/* Begin PBXFrameworksBuildPhase section */
		C98B464918F3524200558EBC /* Frameworks */ = {
			isa = PBXFrameworksBuildPhase;
			buildActionMask = 2147483647;
			files = (
				C972655D18FCB56E008FBF6F /* Social.framework in Frameworks */,
				C98B469718F3531500558EBC /* SystemConfiguration.framework in Frameworks */,
				C98B469118F352F900558EBC /* QuartzCore.framework in Frameworks */,
				C972654F18FCACC9008FBF6F /* OpenGLES.framework in Frameworks */,
				C98B468D18F352EB00558EBC /* libz.dylib in Frameworks */,
				C972654D18FCACBE008FBF6F /* libicucore.dylib in Frameworks */,
				C972655B18FCB365008FBF6F /* FacebookSDK.framework in Frameworks */,
				C972654B18FCACB7008FBF6F /* libc++.dylib in Frameworks */,
				C972654918FCACAA008FBF6F /* ImageIO.framework in Frameworks */,
				C972654718FCACA3008FBF6F /* GLKit.framework in Frameworks */,
				C972654518FCAC9C008FBF6F /* CoreText.framework in Frameworks */,
				C98B468B18F352E400558EBC /* CoreLocation.framework in Frameworks */,
				C972654318FCAC89008FBF6F /* CoreData.framework in Frameworks */,
				C972654118FCAC77008FBF6F /* AVFoundation.framework in Frameworks */,
				C956BE3E18F36BE9008D9505 /* MapKit.framework in Frameworks */,
				C98B469518F3530A00558EBC /* StoreKit.framework in Frameworks */,
				C972653F18FCAB21008FBF6F /* GoogleMaps.framework in Frameworks */,
				C98B469318F3530300558EBC /* Security.framework in Frameworks */,
				C972655918FCB2DB008FBF6F /* Parse.framework in Frameworks */,
				C98B468F18F352F200558EBC /* MobileCoreServices.framework in Frameworks */,
				C98B465218F3524200558EBC /* CoreGraphics.framework in Frameworks */,
				C98B468918F352DA00558EBC /* CFNetwork.framework in Frameworks */,
				C98B468718F352CF00558EBC /* AudioToolbox.framework in Frameworks */,
				C98B465418F3524200558EBC /* UIKit.framework in Frameworks */,
				C98B465018F3524200558EBC /* Foundation.framework in Frameworks */,
			);
			runOnlyForDeploymentPostprocessing = 0;
		};
		C98B466A18F3524200558EBC /* Frameworks */ = {
			isa = PBXFrameworksBuildPhase;
			buildActionMask = 2147483647;
			files = (
				C98B466F18F3524200558EBC /* XCTest.framework in Frameworks */,
				C98B467118F3524200558EBC /* UIKit.framework in Frameworks */,
				C98B467018F3524200558EBC /* Foundation.framework in Frameworks */,
			);
			runOnlyForDeploymentPostprocessing = 0;
		};
/* End PBXFrameworksBuildPhase section */

/* Begin PBXGroup section */
		22E9A4CC18FF640D00D31322 /* CommentDetail */ = {
			isa = PBXGroup;
			children = (
				22E9A4CD18FF647600D31322 /* CommentDetail.h */,
				22E9A4CE18FF647600D31322 /* CommentDetail.m */,
			);
			name = CommentDetail;
			sourceTree = "<group>";
		};
		22ED3D8118FDE54B00A5EA1A /* SubmitReview */ = {
			isa = PBXGroup;
			children = (
				22ED3D8218FDE58700A5EA1A /* SubmitReview.h */,
				22ED3D8318FDE58700A5EA1A /* SubmitReview.m */,
			);
			name = SubmitReview;
			sourceTree = "<group>";
		};
		C956BE3F18F3BADC008D9505 /* TempView */ = {
			isa = PBXGroup;
			children = (
				C956BE4018F3BAF4008D9505 /* TempViewController.h */,
				C956BE4118F3BAF4008D9505 /* TempViewController.m */,
			);
			name = TempView;
			sourceTree = "<group>";
		};
		C956BE4318F3C714008D9505 /* MapView */ = {
			isa = PBXGroup;
			children = (
				C956BE4418F3C722008D9505 /* MapViewController.h */,
				C956BE4518F3C722008D9505 /* MapViewController.m */,
			);
			name = MapView;
			sourceTree = "<group>";
		};
		C98B464318F3524200558EBC = {
			isa = PBXGroup;
			children = (
				C98B465518F3524200558EBC /* RateItWashU */,
				C98B467418F3524200558EBC /* RateItWashUTests */,
				C98B464E18F3524200558EBC /* Frameworks */,
				C98B464D18F3524200558EBC /* Products */,
			);
			sourceTree = "<group>";
		};
		C98B464D18F3524200558EBC /* Products */ = {
			isa = PBXGroup;
			children = (
				C98B464C18F3524200558EBC /* RateItWashU.app */,
				C98B466D18F3524200558EBC /* RateItWashUTests.xctest */,
			);
			name = Products;
			sourceTree = "<group>";
		};
		C98B464E18F3524200558EBC /* Frameworks */ = {
			isa = PBXGroup;
			children = (
				C972655C18FCB56E008FBF6F /* Social.framework */,
				C972655A18FCB365008FBF6F /* FacebookSDK.framework */,
				C972655818FCB2DB008FBF6F /* Parse.framework */,
				C972654E18FCACC9008FBF6F /* OpenGLES.framework */,
				C972654C18FCACBE008FBF6F /* libicucore.dylib */,
				C972654A18FCACB7008FBF6F /* libc++.dylib */,
				C972654818FCACAA008FBF6F /* ImageIO.framework */,
				C972654618FCACA3008FBF6F /* GLKit.framework */,
				C972654418FCAC9C008FBF6F /* CoreText.framework */,
				C972654218FCAC89008FBF6F /* CoreData.framework */,
				C972654018FCAC77008FBF6F /* AVFoundation.framework */,
				C972653E18FCAB21008FBF6F /* GoogleMaps.framework */,
				C956BE3D18F36BE9008D9505 /* MapKit.framework */,
				C98B469618F3531500558EBC /* SystemConfiguration.framework */,
				C98B469418F3530A00558EBC /* StoreKit.framework */,
				C98B469218F3530300558EBC /* Security.framework */,
				C98B469018F352F900558EBC /* QuartzCore.framework */,
				C98B468E18F352F200558EBC /* MobileCoreServices.framework */,
				C98B468C18F352EB00558EBC /* libz.dylib */,
				C98B468A18F352E400558EBC /* CoreLocation.framework */,
				C98B468818F352DA00558EBC /* CFNetwork.framework */,
				C98B468618F352CF00558EBC /* AudioToolbox.framework */,
				C98B464F18F3524200558EBC /* Foundation.framework */,
				C98B465118F3524200558EBC /* CoreGraphics.framework */,
				C98B465318F3524200558EBC /* UIKit.framework */,
				C98B466E18F3524200558EBC /* XCTest.framework */,
			);
			name = Frameworks;
			sourceTree = "<group>";
		};
		C98B465518F3524200558EBC /* RateItWashU */ = {
			isa = PBXGroup;
			children = (
				C991632C18FF8C240002E147 /* ParseMarker.h */,
				C991632D18FF8C240002E147 /* ParseMarker.m */,
				C991632718FF8C170002E147 /* InfoWindow.h */,
				C991632818FF8C170002E147 /* InfoWindow.m */,
				C991632918FF8C170002E147 /* InfoWindow.xib */,
				22E9A4CC18FF640D00D31322 /* CommentDetail */,
				22ED3D8118FDE54B00A5EA1A /* SubmitReview */,
				225A71D518FCDA5A0040EBC3 /* CommentsTableView.h */,
				225A71D618FCDA5A0040EBC3 /* CommentsTableView.m */,
				225A71D718FCDA5A0040EBC3 /* DetailTabBar.h */,
				225A71D818FCDA5A0040EBC3 /* DetailTabBar.m */,
				C9A95FE718F4631200832180 /* Images */,
				C9A95FE418F45EA100832180 /* DetailView */,
				C956BE4318F3C714008D9505 /* MapView */,
				C956BE3F18F3BADC008D9505 /* TempView */,
				C98B46A418F35C8C00558EBC /* CategoriesView */,
				C98B46A318F35C6E00558EBC /* ViewController */,
				C98B46A218F35C5D00558EBC /* RegistrationView */,
				C98B465E18F3524200558EBC /* AppDelegate.h */,
				C98B465F18F3524200558EBC /* AppDelegate.m */,
				C98B466118F3524200558EBC /* Main.storyboard */,
				C9F7CE0F18FF751600724FDC /* CustomTabBarController.h */,
				C9F7CE1018FF751600724FDC /* CustomTabBarController.m */,
				C972655318FCB19F008FBF6F /* GoogleMaps.bundle */,
				C98B466718F3524200558EBC /* Images.xcassets */,
				C98B465618F3524200558EBC /* Supporting Files */,
			);
			path = RateItWashU;
			sourceTree = "<group>";
		};
		C98B465618F3524200558EBC /* Supporting Files */ = {
			isa = PBXGroup;
			children = (
				C98B465718F3524200558EBC /* RateItWashU-Info.plist */,
				C98B465818F3524200558EBC /* InfoPlist.strings */,
				C98B465B18F3524200558EBC /* main.m */,
				C98B465D18F3524200558EBC /* RateItWashU-Prefix.pch */,
			);
			name = "Supporting Files";
			sourceTree = "<group>";
		};
		C98B467418F3524200558EBC /* RateItWashUTests */ = {
			isa = PBXGroup;
			children = (
				C98B467A18F3524200558EBC /* RateItWashUTests.m */,
				C98B467518F3524200558EBC /* Supporting Files */,
			);
			path = RateItWashUTests;
			sourceTree = "<group>";
		};
		C98B467518F3524200558EBC /* Supporting Files */ = {
			isa = PBXGroup;
			children = (
				C98B467618F3524200558EBC /* RateItWashUTests-Info.plist */,
				C98B467718F3524200558EBC /* InfoPlist.strings */,
			);
			name = "Supporting Files";
			sourceTree = "<group>";
		};
		C98B46A218F35C5D00558EBC /* RegistrationView */ = {
			isa = PBXGroup;
			children = (
				C98B469D18F35C4E00558EBC /* RegistrationViewController.h */,
				C98B469E18F35C4E00558EBC /* RegistrationViewController.m */,
			);
			name = RegistrationView;
			sourceTree = "<group>";
		};
		C98B46A318F35C6E00558EBC /* ViewController */ = {
			isa = PBXGroup;
			children = (
				C98B466418F3524200558EBC /* ViewController.h */,
				C98B466518F3524200558EBC /* ViewController.m */,
			);
			name = ViewController;
			sourceTree = "<group>";
		};
		C98B46A418F35C8C00558EBC /* CategoriesView */ = {
			isa = PBXGroup;
			children = (
				C98B469818F3578F00558EBC /* CategoriesViewController.h */,
				C98B469918F3578F00558EBC /* CategoriesViewController.m */,
			);
			name = CategoriesView;
			sourceTree = "<group>";
		};
		C9A95FE418F45EA100832180 /* DetailView */ = {
			isa = PBXGroup;
			children = (
				C9A95FE118F45E9C00832180 /* DetailViewController.h */,
				C9A95FE218F45E9C00832180 /* DetailViewController.m */,
			);
			name = DetailView;
			sourceTree = "<group>";
		};
		C9A95FE718F4631200832180 /* Images */ = {
			isa = PBXGroup;
			children = (
				22ED3D7D18FDD60A00A5EA1A /* starOn.png */,
				22E9A4D018FF6E7E00D31322 /* pencil.png */,
				22E9A4D418FF6EEE00D31322 /* text-left.png */,
				22ED3D8518FDF1C400A5EA1A /* brookings.jpg */,
				22ED3D7E18FDD60A00A5EA1A /* starOff.png */,
				C9A95FE518F4630E00832180 /* blue-cog-hi.png */,
				22E9A4D218FF6ED200D31322 /* message.png */,
			);
			name = Images;
			sourceTree = "<group>";
		};
/* End PBXGroup section */

/* Begin PBXNativeTarget section */
		C98B464B18F3524200558EBC /* RateItWashU */ = {
			isa = PBXNativeTarget;
			buildConfigurationList = C98B467E18F3524200558EBC /* Build configuration list for PBXNativeTarget "RateItWashU" */;
			buildPhases = (
				C98B464818F3524200558EBC /* Sources */,
				C98B464918F3524200558EBC /* Frameworks */,
				C98B464A18F3524200558EBC /* Resources */,
			);
			buildRules = (
			);
			dependencies = (
			);
			name = RateItWashU;
			productName = RateItWashU;
			productReference = C98B464C18F3524200558EBC /* RateItWashU.app */;
			productType = "com.apple.product-type.application";
		};
		C98B466C18F3524200558EBC /* RateItWashUTests */ = {
			isa = PBXNativeTarget;
			buildConfigurationList = C98B468118F3524200558EBC /* Build configuration list for PBXNativeTarget "RateItWashUTests" */;
			buildPhases = (
				C98B466918F3524200558EBC /* Sources */,
				C98B466A18F3524200558EBC /* Frameworks */,
				C98B466B18F3524200558EBC /* Resources */,
			);
			buildRules = (
			);
			dependencies = (
				C98B467318F3524200558EBC /* PBXTargetDependency */,
			);
			name = RateItWashUTests;
			productName = RateItWashUTests;
			productReference = C98B466D18F3524200558EBC /* RateItWashUTests.xctest */;
			productType = "com.apple.product-type.bundle.unit-test";
		};
/* End PBXNativeTarget section */

/* Begin PBXProject section */
		C98B464418F3524200558EBC /* Project object */ = {
			isa = PBXProject;
			attributes = {
				LastUpgradeCheck = 0510;
				TargetAttributes = {
					C98B466C18F3524200558EBC = {
						TestTargetID = C98B464B18F3524200558EBC;
					};
				};
			};
			buildConfigurationList = C98B464718F3524200558EBC /* Build configuration list for PBXProject "RateItWashU" */;
			compatibilityVersion = "Xcode 3.2";
			developmentRegion = English;
			hasScannedForEncodings = 0;
			knownRegions = (
				en,
				Base,
			);
			mainGroup = C98B464318F3524200558EBC;
			productRefGroup = C98B464D18F3524200558EBC /* Products */;
			projectDirPath = "";
			projectRoot = "";
			targets = (
				C98B464B18F3524200558EBC /* RateItWashU */,
				C98B466C18F3524200558EBC /* RateItWashUTests */,
			);
		};
/* End PBXProject section */

/* Begin PBXResourcesBuildPhase section */
		C98B464A18F3524200558EBC /* Resources */ = {
			isa = PBXResourcesBuildPhase;
			buildActionMask = 2147483647;
			files = (
				22ED3D8618FDF1C400A5EA1A /* brookings.jpg in Resources */,
				C98B466818F3524200558EBC /* Images.xcassets in Resources */,
				C98B465A18F3524200558EBC /* InfoPlist.strings in Resources */,
				22E9A4D518FF6EEE00D31322 /* text-left.png in Resources */,
				22ED3D8018FDD60B00A5EA1A /* starOff.png in Resources */,
				C9A95FE618F4630E00832180 /* blue-cog-hi.png in Resources */,
				C98B466318F3524200558EBC /* Main.storyboard in Resources */,
				22E9A4D118FF6E7E00D31322 /* pencil.png in Resources */,
				C972655418FCB19F008FBF6F /* GoogleMaps.bundle in Resources */,
				22ED3D7F18FDD60A00A5EA1A /* starOn.png in Resources */,
				22E9A4D318FF6ED200D31322 /* message.png in Resources */,
				C991632B18FF8C170002E147 /* InfoWindow.xib in Resources */,
			);
			runOnlyForDeploymentPostprocessing = 0;
		};
		C98B466B18F3524200558EBC /* Resources */ = {
			isa = PBXResourcesBuildPhase;
			buildActionMask = 2147483647;
			files = (
				C98B467918F3524200558EBC /* InfoPlist.strings in Resources */,
			);
			runOnlyForDeploymentPostprocessing = 0;
		};
/* End PBXResourcesBuildPhase section */

/* Begin PBXSourcesBuildPhase section */
		C98B464818F3524200558EBC /* Sources */ = {
			isa = PBXSourcesBuildPhase;
			buildActionMask = 2147483647;
			files = (
				C98B466618F3524200558EBC /* ViewController.m in Sources */,
				C991632E18FF8C240002E147 /* ParseMarker.m in Sources */,
				C98B466018F3524200558EBC /* AppDelegate.m in Sources */,
				C9F7CE1118FF751600724FDC /* CustomTabBarController.m in Sources */,
				C98B46A018F35C4E00558EBC /* RegistrationViewController.m in Sources */,
				C9A95FE318F45E9C00832180 /* DetailViewController.m in Sources */,
				22E9A4CF18FF647600D31322 /* CommentDetail.m in Sources */,
				C98B469B18F3578F00558EBC /* CategoriesViewController.m in Sources */,
				C991632A18FF8C170002E147 /* InfoWindow.m in Sources */,
				225A71DA18FCDA5A0040EBC3 /* CommentsTableView.m in Sources */,
				225A71DB18FCDA5A0040EBC3 /* DetailTabBar.m in Sources */,
				22ED3D8418FDE58700A5EA1A /* SubmitReview.m in Sources */,
				C956BE4218F3BAF4008D9505 /* TempViewController.m in Sources */,
				C98B465C18F3524200558EBC /* main.m in Sources */,
				C92F6D4618F3CD88005721ED /* MapViewController.m in Sources */,
			);
			runOnlyForDeploymentPostprocessing = 0;
		};
		C98B466918F3524200558EBC /* Sources */ = {
			isa = PBXSourcesBuildPhase;
			buildActionMask = 2147483647;
			files = (
				C98B467B18F3524200558EBC /* RateItWashUTests.m in Sources */,
			);
			runOnlyForDeploymentPostprocessing = 0;
		};
/* End PBXSourcesBuildPhase section */

/* Begin PBXTargetDependency section */
		C98B467318F3524200558EBC /* PBXTargetDependency */ = {
			isa = PBXTargetDependency;
			target = C98B464B18F3524200558EBC /* RateItWashU */;
			targetProxy = C98B467218F3524200558EBC /* PBXContainerItemProxy */;
		};
/* End PBXTargetDependency section */

/* Begin PBXVariantGroup section */
		C98B465818F3524200558EBC /* InfoPlist.strings */ = {
			isa = PBXVariantGroup;
			children = (
				C98B465918F3524200558EBC /* en */,
			);
			name = InfoPlist.strings;
			sourceTree = "<group>";
		};
		C98B466118F3524200558EBC /* Main.storyboard */ = {
			isa = PBXVariantGroup;
			children = (
				C98B466218F3524200558EBC /* Base */,
			);
			name = Main.storyboard;
			sourceTree = "<group>";
		};
		C98B467718F3524200558EBC /* InfoPlist.strings */ = {
			isa = PBXVariantGroup;
			children = (
				C98B467818F3524200558EBC /* en */,
			);
			name = InfoPlist.strings;
			sourceTree = "<group>";
		};
/* End PBXVariantGroup section */

/* Begin XCBuildConfiguration section */
		C98B467C18F3524200558EBC /* Debug */ = {
			isa = XCBuildConfiguration;
			buildSettings = {
				ALWAYS_SEARCH_USER_PATHS = NO;
				CLANG_CXX_LANGUAGE_STANDARD = "gnu++0x";
				CLANG_CXX_LIBRARY = "libc++";
				CLANG_ENABLE_MODULES = YES;
				CLANG_ENABLE_OBJC_ARC = YES;
				CLANG_WARN_BOOL_CONVERSION = YES;
				CLANG_WARN_CONSTANT_CONVERSION = YES;
				CLANG_WARN_DIRECT_OBJC_ISA_USAGE = YES_ERROR;
				CLANG_WARN_EMPTY_BODY = YES;
				CLANG_WARN_ENUM_CONVERSION = YES;
				CLANG_WARN_INT_CONVERSION = YES;
				CLANG_WARN_OBJC_ROOT_CLASS = YES_ERROR;
				CLANG_WARN__DUPLICATE_METHOD_MATCH = YES;
				"CODE_SIGN_IDENTITY[sdk=iphoneos*]" = "iPhone Developer";
				COPY_PHASE_STRIP = NO;
				GCC_C_LANGUAGE_STANDARD = gnu99;
				GCC_DYNAMIC_NO_PIC = NO;
				GCC_OPTIMIZATION_LEVEL = 0;
				GCC_PREPROCESSOR_DEFINITIONS = (
					"DEBUG=1",
					"$(inherited)",
				);
				GCC_SYMBOLS_PRIVATE_EXTERN = NO;
				GCC_WARN_64_TO_32_BIT_CONVERSION = YES;
				GCC_WARN_ABOUT_RETURN_TYPE = YES_ERROR;
				GCC_WARN_UNDECLARED_SELECTOR = YES;
				GCC_WARN_UNINITIALIZED_AUTOS = YES_AGGRESSIVE;
				GCC_WARN_UNUSED_FUNCTION = YES;
				GCC_WARN_UNUSED_VARIABLE = YES;
				IPHONEOS_DEPLOYMENT_TARGET = 7.1;
				ONLY_ACTIVE_ARCH = YES;
				SDKROOT = iphoneos;
			};
			name = Debug;
		};
		C98B467D18F3524200558EBC /* Release */ = {
			isa = XCBuildConfiguration;
			buildSettings = {
				ALWAYS_SEARCH_USER_PATHS = NO;
				CLANG_CXX_LANGUAGE_STANDARD = "gnu++0x";
				CLANG_CXX_LIBRARY = "libc++";
				CLANG_ENABLE_MODULES = YES;
				CLANG_ENABLE_OBJC_ARC = YES;
				CLANG_WARN_BOOL_CONVERSION = YES;
				CLANG_WARN_CONSTANT_CONVERSION = YES;
				CLANG_WARN_DIRECT_OBJC_ISA_USAGE = YES_ERROR;
				CLANG_WARN_EMPTY_BODY = YES;
				CLANG_WARN_ENUM_CONVERSION = YES;
				CLANG_WARN_INT_CONVERSION = YES;
				CLANG_WARN_OBJC_ROOT_CLASS = YES_ERROR;
				CLANG_WARN__DUPLICATE_METHOD_MATCH = YES;
				"CODE_SIGN_IDENTITY[sdk=iphoneos*]" = "iPhone Developer";
				COPY_PHASE_STRIP = YES;
				ENABLE_NS_ASSERTIONS = NO;
				GCC_C_LANGUAGE_STANDARD = gnu99;
				GCC_WARN_64_TO_32_BIT_CONVERSION = YES;
				GCC_WARN_ABOUT_RETURN_TYPE = YES_ERROR;
				GCC_WARN_UNDECLARED_SELECTOR = YES;
				GCC_WARN_UNINITIALIZED_AUTOS = YES_AGGRESSIVE;
				GCC_WARN_UNUSED_FUNCTION = YES;
				GCC_WARN_UNUSED_VARIABLE = YES;
				IPHONEOS_DEPLOYMENT_TARGET = 7.1;
				SDKROOT = iphoneos;
				VALIDATE_PRODUCT = YES;
			};
			name = Release;
		};
		C98B467F18F3524200558EBC /* Debug */ = {
			isa = XCBuildConfiguration;
			buildSettings = {
				ASSETCATALOG_COMPILER_APPICON_NAME = AppIcon;
				ASSETCATALOG_COMPILER_LAUNCHIMAGE_NAME = LaunchImage;
				FRAMEWORK_SEARCH_PATHS = (
					"$(inherited)",
					"$(PROJECT_DIR)",
				);
				GCC_PRECOMPILE_PREFIX_HEADER = YES;
				GCC_PREFIX_HEADER = "RateItWashU/RateItWashU-Prefix.pch";
				INFOPLIST_FILE = "RateItWashU/RateItWashU-Info.plist";
				IPHONEOS_DEPLOYMENT_TARGET = 7;
				OTHER_LDFLAGS = "-ObjC";
				PRODUCT_NAME = "$(TARGET_NAME)";
				WRAPPER_EXTENSION = app;
			};
			name = Debug;
		};
		C98B468018F3524200558EBC /* Release */ = {
			isa = XCBuildConfiguration;
			buildSettings = {
				ASSETCATALOG_COMPILER_APPICON_NAME = AppIcon;
				ASSETCATALOG_COMPILER_LAUNCHIMAGE_NAME = LaunchImage;
				FRAMEWORK_SEARCH_PATHS = (
					"$(inherited)",
					"$(PROJECT_DIR)",
				);
				GCC_PRECOMPILE_PREFIX_HEADER = YES;
				GCC_PREFIX_HEADER = "RateItWashU/RateItWashU-Prefix.pch";
				INFOPLIST_FILE = "RateItWashU/RateItWashU-Info.plist";
				IPHONEOS_DEPLOYMENT_TARGET = 7;
				OTHER_LDFLAGS = "-ObjC";
				PRODUCT_NAME = "$(TARGET_NAME)";
				WRAPPER_EXTENSION = app;
			};
			name = Release;
		};
		C98B468218F3524200558EBC /* Debug */ = {
			isa = XCBuildConfiguration;
			buildSettings = {
				BUNDLE_LOADER = "$(BUILT_PRODUCTS_DIR)/RateItWashU.app/RateItWashU";
				FRAMEWORK_SEARCH_PATHS = (
					"$(SDKROOT)/Developer/Library/Frameworks",
					"$(inherited)",
					"$(DEVELOPER_FRAMEWORKS_DIR)",
				);
				GCC_PRECOMPILE_PREFIX_HEADER = YES;
				GCC_PREFIX_HEADER = "RateItWashU/RateItWashU-Prefix.pch";
				GCC_PREPROCESSOR_DEFINITIONS = (
					"DEBUG=1",
					"$(inherited)",
				);
				INFOPLIST_FILE = "RateItWashUTests/RateItWashUTests-Info.plist";
				PRODUCT_NAME = "$(TARGET_NAME)";
				TEST_HOST = "$(BUNDLE_LOADER)";
				WRAPPER_EXTENSION = xctest;
			};
			name = Debug;
		};
		C98B468318F3524200558EBC /* Release */ = {
			isa = XCBuildConfiguration;
			buildSettings = {
				BUNDLE_LOADER = "$(BUILT_PRODUCTS_DIR)/RateItWashU.app/RateItWashU";
				FRAMEWORK_SEARCH_PATHS = (
					"$(SDKROOT)/Developer/Library/Frameworks",
					"$(inherited)",
					"$(DEVELOPER_FRAMEWORKS_DIR)",
				);
				GCC_PRECOMPILE_PREFIX_HEADER = YES;
				GCC_PREFIX_HEADER = "RateItWashU/RateItWashU-Prefix.pch";
				INFOPLIST_FILE = "RateItWashUTests/RateItWashUTests-Info.plist";
				PRODUCT_NAME = "$(TARGET_NAME)";
				TEST_HOST = "$(BUNDLE_LOADER)";
				WRAPPER_EXTENSION = xctest;
			};
			name = Release;
		};
/* End XCBuildConfiguration section */

/* Begin XCConfigurationList section */
		C98B464718F3524200558EBC /* Build configuration list for PBXProject "RateItWashU" */ = {
			isa = XCConfigurationList;
			buildConfigurations = (
				C98B467C18F3524200558EBC /* Debug */,
				C98B467D18F3524200558EBC /* Release */,
			);
			defaultConfigurationIsVisible = 0;
			defaultConfigurationName = Release;
		};
		C98B467E18F3524200558EBC /* Build configuration list for PBXNativeTarget "RateItWashU" */ = {
			isa = XCConfigurationList;
			buildConfigurations = (
				C98B467F18F3524200558EBC /* Debug */,
				C98B468018F3524200558EBC /* Release */,
			);
			defaultConfigurationIsVisible = 0;
			defaultConfigurationName = Release;
		};
		C98B468118F3524200558EBC /* Build configuration list for PBXNativeTarget "RateItWashUTests" */ = {
			isa = XCConfigurationList;
			buildConfigurations = (
				C98B468218F3524200558EBC /* Debug */,
				C98B468318F3524200558EBC /* Release */,
			);
			defaultConfigurationIsVisible = 0;
			defaultConfigurationName = Release;
		};
/* End XCConfigurationList section */
	};
	rootObject = C98B464418F3524200558EBC /* Project object */;
}
